
Microsoft Visual Studio Solution File, Format Version 12.00
Project("{FAE04EC0-301F-11D3-BF4B-00C04F79EFBC}") = "Farmetta", "Farmetta\Farmetta\Farmetta.csproj", "{147C3854-AF5A-434F-84BD-BB6BA19275E6}"
EndProject
Project("{FAE04EC0-301F-11D3-BF4B-00C04F79EFBC}") = "Farmetta.Client", "Farmetta\Farmetta.Client\Farmetta.Client.csproj", "{D6CA2057-1295-4772-9B52-1448C0599DCF}"
EndProject
Project("{FAE04EC0-301F-11D3-BF4B-00C04F79EFBC}") = "NotificationManager", "NotificationManager\NotificationManager.csproj", "{5B75F15D-6338-4F9B-9497-E0C86B7B0D2F}"
EndProject
Project("{FAE04EC0-301F-11D3-BF4B-00C04F79EFBC}") = "MoonrakerAPI", "MoonrakerAPI\MoonrakerAPI.csproj", "{B3DB6AF1-2400-49D6-8C7D-71E9845CA19C}"
EndProject
Project("{FAE04EC0-301F-11D3-BF4B-00C04F79EFBC}") = "KlipperInstaller", "KlipperInstaller\KlipperInstaller.csproj", "{87C3AE54-7919-43A9-AAD8-38C234689658}"
EndProject
Project("{2150E333-8FDC-42A3-9474-1A3956D46DE8}") = "Solution Items", "Solution Items", "{B09AF0BF-B1BA-4EFA-9926-46DB7367F32F}"
	ProjectSection(SolutionItems) = preProject
		compose.yaml = compose.yaml
	EndProjectSection
EndProject
Project("{FAE04EC0-301F-11D3-BF4B-00C04F79EFBC}") = "QuickTests", "QuickTests\QuickTests.csproj", "{3DE5CEEB-6AFA-4149-A784-1F192A72B733}"
EndProject
Global
	GlobalSection(SolutionConfigurationPlatforms) = preSolution
		Debug|Any CPU = Debug|Any CPU
		Release|Any CPU = Release|Any CPU
	EndGlobalSection
	GlobalSection(ProjectConfigurationPlatforms) = postSolution
		{147C3854-AF5A-434F-84BD-BB6BA19275E6}.Debug|Any CPU.ActiveCfg = Debug|Any CPU
		{147C3854-AF5A-434F-84BD-BB6BA19275E6}.Debug|Any CPU.Build.0 = Debug|Any CPU
		{147C3854-AF5A-434F-84BD-BB6BA19275E6}.Release|Any CPU.ActiveCfg = Release|Any CPU
		{147C3854-AF5A-434F-84BD-BB6BA19275E6}.Release|Any CPU.Build.0 = Release|Any CPU
		{D6CA2057-1295-4772-9B52-1448C0599DCF}.Debug|Any CPU.ActiveCfg = Debug|Any CPU
		{D6CA2057-1295-4772-9B52-1448C0599DCF}.Debug|Any CPU.Build.0 = Debug|Any CPU
		{D6CA2057-1295-4772-9B52-1448C0599DCF}.Release|Any CPU.ActiveCfg = Release|Any CPU
		{D6CA2057-1295-4772-9B52-1448C0599DCF}.Release|Any CPU.Build.0 = Release|Any CPU
		{5B75F15D-6338-4F9B-9497-E0C86B7B0D2F}.Debug|Any CPU.ActiveCfg = Debug|Any CPU
		{5B75F15D-6338-4F9B-9497-E0C86B7B0D2F}.Debug|Any CPU.Build.0 = Debug|Any CPU
		{5B75F15D-6338-4F9B-9497-E0C86B7B0D2F}.Release|Any CPU.ActiveCfg = Release|Any CPU
		{5B75F15D-6338-4F9B-9497-E0C86B7B0D2F}.Release|Any CPU.Build.0 = Release|Any CPU
		{B3DB6AF1-2400-49D6-8C7D-71E9845CA19C}.Debug|Any CPU.ActiveCfg = Debug|Any CPU
		{B3DB6AF1-2400-49D6-8C7D-71E9845CA19C}.Debug|Any CPU.Build.0 = Debug|Any CPU
		{B3DB6AF1-2400-49D6-8C7D-71E9845CA19C}.Release|Any CPU.ActiveCfg = Release|Any CPU
		{B3DB6AF1-2400-49D6-8C7D-71E9845CA19C}.Release|Any CPU.Build.0 = Release|Any CPU
		{87C3AE54-7919-43A9-AAD8-38C234689658}.Debug|Any CPU.ActiveCfg = Debug|Any CPU
		{87C3AE54-7919-43A9-AAD8-38C234689658}.Debug|Any CPU.Build.0 = Debug|Any CPU
		{87C3AE54-7919-43A9-AAD8-38C234689658}.Release|Any CPU.ActiveCfg = Release|Any CPU
		{87C3AE54-7919-43A9-AAD8-38C234689658}.Release|Any CPU.Build.0 = Release|Any CPU
		{3DE5CEEB-6AFA-4149-A784-1F192A72B733}.Debug|Any CPU.ActiveCfg = Debug|Any CPU
		{3DE5CEEB-6AFA-4149-A784-1F192A72B733}.Debug|Any CPU.Build.0 = Debug|Any CPU
		{3DE5CEEB-6AFA-4149-A784-1F192A72B733}.Release|Any CPU.ActiveCfg = Release|Any CPU
		{3DE5CEEB-6AFA-4149-A784-1F192A72B733}.Release|Any CPU.Build.0 = Release|Any CPU
	EndGlobalSection
EndGlobal
